
Microsoft Visual Studio Solution File, Format Version 12.00
# Visual Studio Version 16
VisualStudioVersion = 16.0.31112.23
MinimumVisualStudioVersion = 10.0.40219.1
Project("{FAE04EC0-301F-11D3-BF4B-00C04F79EFBC}") = "TesFullC", "TesFullC\TesFullC.csproj", "{133FBAA5-AB66-4621-99AD-06A62B0F1857}"
EndProject
Global
	GlobalSection(SolutionConfigurationPlatforms) = preSolution
		Debug|Any CPU = Debug|Any CPU
		Release|Any CPU = Release|Any CPU
	EndGlobalSection
	GlobalSection(ProjectConfigurationPlatforms) = postSolution
		{133FBAA5-AB66-4621-99AD-06A62B0F1857}.Debug|Any CPU.ActiveCfg = Debug|Any CPU
		{133FBAA5-AB66-4621-99AD-06A62B0F1857}.Debug|Any CPU.Build.0 = Debug|Any CPU
		{133FBAA5-AB66-4621-99AD-06A62B0F1857}.Release|Any CPU.ActiveCfg = Release|Any CPU
		{133FBAA5-AB66-4621-99AD-06A62B0F1857}.Release|Any CPU.Build.0 = Release|Any CPU
	EndGlobalSection
	GlobalSection(SolutionProperties) = preSolution
		HideSolutionNode = FALSE
	EndGlobalSection
	GlobalSection(ExtensibilityGlobals) = postSolution
		SolutionGuid = {3FAFF959-95DB-4CEB-8EE1-C1190E71AAE2}
	EndGlobalSection
EndGlobal
